# This file is automatically @generated by Poetry 1.5.4 and should not be changed by hand.

[[package]]
name = "password"
version = "0.2"
description = "A password attribute that stores hashes"
optional = false
python-versions = "*"
files = [
    {file = "password-0.2.tar.bz2", hash = "sha256:9ad8ed238c0c3f929778bc82237ecfd333a1b7357b5864bce7d7b5cd2b039b19"},
    {file = "password-0.2.zip", hash = "sha256:c1502353c1c5c0541c0625b4f71255eb1b06e72b8146963a08ea3aa340c0bf53"},
]

[metadata]
lock-version = "2.0"
python-versions = ">=3.10.0,<3.11"
content-hash = "5343632ca9094dd7ee922551d7c3e9aeec5617d98e9ddabade725e63cfc4e0a9"
